
Microsoft Visual Studio Solution File, Format Version 12.00
# Visual Studio Version 17
VisualStudioVersion = 17.10.34928.147
MinimumVisualStudioVersion = 10.0.40219.1
Project("{FAE04EC0-301F-11D3-BF4B-00C04F79EFBC}") = "Cryptonly", "Cryptonly\Cryptonly.csproj", "{F38EEEC9-C162-4E99-96B4-3CEA481A4BFD}"
EndProject
Global
	GlobalSection(SolutionConfigurationPlatforms) = preSolution
		Debug|Any CPU = Debug|Any CPU
		Release|Any CPU = Release|Any CPU
	EndGlobalSection
	GlobalSection(ProjectConfigurationPlatforms) = postSolution
		{F38EEEC9-C162-4E99-96B4-3CEA481A4BFD}.Debug|Any CPU.ActiveCfg = Debug|Any CPU
		{F38EEEC9-C162-4E99-96B4-3CEA481A4BFD}.Debug|Any CPU.Build.0 = Debug|Any CPU
		{F38EEEC9-C162-4E99-96B4-3CEA481A4BFD}.Release|Any CPU.ActiveCfg = Release|Any CPU
		{F38EEEC9-C162-4E99-96B4-3CEA481A4BFD}.Release|Any CPU.Build.0 = Release|Any CPU
	EndGlobalSection
	GlobalSection(SolutionProperties) = preSolution
		HideSolutionNode = FALSE
	EndGlobalSection
	GlobalSection(ExtensibilityGlobals) = postSolution
		SolutionGuid = {DAC33EEE-8ED2-4042-9D74-D64B3A229D3F}
	EndGlobalSection
EndGlobal
